
Microsoft Visual Studio Solution File, Format Version 12.00
# Visual Studio Version 17
VisualStudioVersion = 17.8.34302.71
MinimumVisualStudioVersion = 10.0.40219.1
Project("{FAE04EC0-301F-11D3-BF4B-00C04F79EFBC}") = "PowerLib", "PowerLib.csproj", "{3A02B0E8-76DF-4CE8-9A89-AC263BFA77D3}"
EndProject
Global
	GlobalSection(SolutionConfigurationPlatforms) = preSolution
		Debug|Any CPU = Debug|Any CPU
		Release|Any CPU = Release|Any CPU
	EndGlobalSection
	GlobalSection(ProjectConfigurationPlatforms) = postSolution
		{3A02B0E8-76DF-4CE8-9A89-AC263BFA77D3}.Debug|Any CPU.ActiveCfg = Debug|Any CPU
		{3A02B0E8-76DF-4CE8-9A89-AC263BFA77D3}.Debug|Any CPU.Build.0 = Debug|Any CPU
		{3A02B0E8-76DF-4CE8-9A89-AC263BFA77D3}.Release|Any CPU.ActiveCfg = Release|Any CPU
		{3A02B0E8-76DF-4CE8-9A89-AC263BFA77D3}.Release|Any CPU.Build.0 = Release|Any CPU
	EndGlobalSection
	GlobalSection(SolutionProperties) = preSolution
		HideSolutionNode = FALSE
	EndGlobalSection
	GlobalSection(ExtensibilityGlobals) = postSolution
		SolutionGuid = {F877E14E-7752-4811-903A-A6F722624E65}
	EndGlobalSection
EndGlobal
